
Microsoft Visual Studio Solution File, Format Version 12.00
# Visual Studio Version 16
VisualStudioVersion = 16.0.32602.291
MinimumVisualStudioVersion = 10.0.40219.1
Project("{FAE04EC0-301F-11D3-BF4B-00C04F79EFBC}") = "lesson1.3.3", "lesson1.3.3\lesson1.3.3.csproj", "{B232693D-FADA-41FE-BEAC-56FF8D5E4951}"
EndProject
Global
	GlobalSection(SolutionConfigurationPlatforms) = preSolution
		Debug|Any CPU = Debug|Any CPU
		Release|Any CPU = Release|Any CPU
	EndGlobalSection
	GlobalSection(ProjectConfigurationPlatforms) = postSolution
		{B232693D-FADA-41FE-BEAC-56FF8D5E4951}.Debug|Any CPU.ActiveCfg = Debug|Any CPU
		{B232693D-FADA-41FE-BEAC-56FF8D5E4951}.Debug|Any CPU.Build.0 = Debug|Any CPU
		{B232693D-FADA-41FE-BEAC-56FF8D5E4951}.Release|Any CPU.ActiveCfg = Release|Any CPU
		{B232693D-FADA-41FE-BEAC-56FF8D5E4951}.Release|Any CPU.Build.0 = Release|Any CPU
	EndGlobalSection
	GlobalSection(SolutionProperties) = preSolution
		HideSolutionNode = FALSE
	EndGlobalSection
	GlobalSection(ExtensibilityGlobals) = postSolution
		SolutionGuid = {9D5A7CBB-93D2-4CE0-A063-8AE8AF28B0C5}
	EndGlobalSection
EndGlobal
